
Microsoft Visual Studio Solution File, Format Version 12.00
# Visual Studio Version 17
VisualStudioVersion = 17.0.31903.59
MinimumVisualStudioVersion = 10.0.40219.1
Project("{FAE04EC0-301F-11D3-BF4B-00C04F79EFBC}") = "PackageReadApi", "PackageReadApi\PackageReadApi.csproj", "{3366993D-4E0E-4679-978B-EC7E316BAD9B}"
EndProject
Project("{FAE04EC0-301F-11D3-BF4B-00C04F79EFBC}") = "PackageReadApi.Tests", "PackageReadApi.Tests\PackageReadApi.Tests.csproj", "{12884669-A717-41A0-A007-E1B4E7885DB8}"
EndProject
Global
	GlobalSection(SolutionConfigurationPlatforms) = preSolution
		Debug|Any CPU = Debug|Any CPU
		Debug|x64 = Debug|x64
		Debug|x86 = Debug|x86
		Release|Any CPU = Release|Any CPU
		Release|x64 = Release|x64
		Release|x86 = Release|x86
	EndGlobalSection
	GlobalSection(ProjectConfigurationPlatforms) = postSolution
		{3366993D-4E0E-4679-978B-EC7E316BAD9B}.Debug|Any CPU.ActiveCfg = Debug|Any CPU
		{3366993D-4E0E-4679-978B-EC7E316BAD9B}.Debug|Any CPU.Build.0 = Debug|Any CPU
		{3366993D-4E0E-4679-978B-EC7E316BAD9B}.Debug|x64.ActiveCfg = Debug|Any CPU
		{3366993D-4E0E-4679-978B-EC7E316BAD9B}.Debug|x64.Build.0 = Debug|Any CPU
		{3366993D-4E0E-4679-978B-EC7E316BAD9B}.Debug|x86.ActiveCfg = Debug|Any CPU
		{3366993D-4E0E-4679-978B-EC7E316BAD9B}.Debug|x86.Build.0 = Debug|Any CPU
		{3366993D-4E0E-4679-978B-EC7E316BAD9B}.Release|Any CPU.ActiveCfg = Release|Any CPU
		{3366993D-4E0E-4679-978B-EC7E316BAD9B}.Release|Any CPU.Build.0 = Release|Any CPU
		{3366993D-4E0E-4679-978B-EC7E316BAD9B}.Release|x64.ActiveCfg = Release|Any CPU
		{3366993D-4E0E-4679-978B-EC7E316BAD9B}.Release|x64.Build.0 = Release|Any CPU
		{3366993D-4E0E-4679-978B-EC7E316BAD9B}.Release|x86.ActiveCfg = Release|Any CPU
		{3366993D-4E0E-4679-978B-EC7E316BAD9B}.Release|x86.Build.0 = Release|Any CPU
		{12884669-A717-41A0-A007-E1B4E7885DB8}.Debug|Any CPU.ActiveCfg = Debug|Any CPU
		{12884669-A717-41A0-A007-E1B4E7885DB8}.Debug|Any CPU.Build.0 = Debug|Any CPU
		{12884669-A717-41A0-A007-E1B4E7885DB8}.Debug|x64.ActiveCfg = Debug|Any CPU
		{12884669-A717-41A0-A007-E1B4E7885DB8}.Debug|x64.Build.0 = Debug|Any CPU
		{12884669-A717-41A0-A007-E1B4E7885DB8}.Debug|x86.ActiveCfg = Debug|Any CPU
		{12884669-A717-41A0-A007-E1B4E7885DB8}.Debug|x86.Build.0 = Debug|Any CPU
		{12884669-A717-41A0-A007-E1B4E7885DB8}.Release|Any CPU.ActiveCfg = Release|Any CPU
		{12884669-A717-41A0-A007-E1B4E7885DB8}.Release|Any CPU.Build.0 = Release|Any CPU
		{12884669-A717-41A0-A007-E1B4E7885DB8}.Release|x64.ActiveCfg = Release|Any CPU
		{12884669-A717-41A0-A007-E1B4E7885DB8}.Release|x64.Build.0 = Release|Any CPU
		{12884669-A717-41A0-A007-E1B4E7885DB8}.Release|x86.ActiveCfg = Release|Any CPU
		{12884669-A717-41A0-A007-E1B4E7885DB8}.Release|x86.Build.0 = Release|Any CPU
	EndGlobalSection
	GlobalSection(SolutionProperties) = preSolution
		HideSolutionNode = FALSE
	EndGlobalSection
EndGlobal
